
Microsoft Visual Studio Solution File, Format Version 12.00
# Visual Studio 15
VisualStudioVersion = 15.0.28307.960
MinimumVisualStudioVersion = 10.0.40219.1
Project("{FAE04EC0-301F-11D3-BF4B-00C04F79EFBC}") = "CampBooking", "CampBooking\CampBooking.csproj", "{95AB973F-0529-4369-AF40-D010D6D8AE96}"
EndProject
Project("{FAE04EC0-301F-11D3-BF4B-00C04F79EFBC}") = "Shared", "Shared\Shared.csproj", "{6DB661A6-BEDC-48B8-B01D-FB307017727F}"
EndProject
Project("{FAE04EC0-301F-11D3-BF4B-00C04F79EFBC}") = "Services", "Services\Services.csproj", "{5D342EE3-AB25-4270-9E74-5590675384FC}"
EndProject
Project("{FAE04EC0-301F-11D3-BF4B-00C04F79EFBC}") = "DataAccess", "DataAccess\DataAccess.csproj", "{52701AC1-DDA5-48D9-850A-6B1C5F9506FB}"
EndProject
Project("{FAE04EC0-301F-11D3-BF4B-00C04F79EFBC}") = "AngularUI", "AngularUI\AngularUI.csproj", "{8D3B700F-99A4-4A49-9EEF-248CB42B9B2F}"
EndProject
Global
	GlobalSection(SolutionConfigurationPlatforms) = preSolution
		Debug|Any CPU = Debug|Any CPU
		Release|Any CPU = Release|Any CPU
	EndGlobalSection
	GlobalSection(ProjectConfigurationPlatforms) = postSolution
		{95AB973F-0529-4369-AF40-D010D6D8AE96}.Debug|Any CPU.ActiveCfg = Debug|Any CPU
		{95AB973F-0529-4369-AF40-D010D6D8AE96}.Debug|Any CPU.Build.0 = Debug|Any CPU
		{95AB973F-0529-4369-AF40-D010D6D8AE96}.Release|Any CPU.ActiveCfg = Release|Any CPU
		{95AB973F-0529-4369-AF40-D010D6D8AE96}.Release|Any CPU.Build.0 = Release|Any CPU
		{6DB661A6-BEDC-48B8-B01D-FB307017727F}.Debug|Any CPU.ActiveCfg = Debug|Any CPU
		{6DB661A6-BEDC-48B8-B01D-FB307017727F}.Debug|Any CPU.Build.0 = Debug|Any CPU
		{6DB661A6-BEDC-48B8-B01D-FB307017727F}.Release|Any CPU.ActiveCfg = Release|Any CPU
		{6DB661A6-BEDC-48B8-B01D-FB307017727F}.Release|Any CPU.Build.0 = Release|Any CPU
		{5D342EE3-AB25-4270-9E74-5590675384FC}.Debug|Any CPU.ActiveCfg = Debug|Any CPU
		{5D342EE3-AB25-4270-9E74-5590675384FC}.Debug|Any CPU.Build.0 = Debug|Any CPU
		{5D342EE3-AB25-4270-9E74-5590675384FC}.Release|Any CPU.ActiveCfg = Release|Any CPU
		{5D342EE3-AB25-4270-9E74-5590675384FC}.Release|Any CPU.Build.0 = Release|Any CPU
		{52701AC1-DDA5-48D9-850A-6B1C5F9506FB}.Debug|Any CPU.ActiveCfg = Debug|Any CPU
		{52701AC1-DDA5-48D9-850A-6B1C5F9506FB}.Debug|Any CPU.Build.0 = Debug|Any CPU
		{52701AC1-DDA5-48D9-850A-6B1C5F9506FB}.Release|Any CPU.ActiveCfg = Release|Any CPU
		{52701AC1-DDA5-48D9-850A-6B1C5F9506FB}.Release|Any CPU.Build.0 = Release|Any CPU
		{8D3B700F-99A4-4A49-9EEF-248CB42B9B2F}.Debug|Any CPU.ActiveCfg = Debug|Any CPU
		{8D3B700F-99A4-4A49-9EEF-248CB42B9B2F}.Debug|Any CPU.Build.0 = Debug|Any CPU
		{8D3B700F-99A4-4A49-9EEF-248CB42B9B2F}.Release|Any CPU.ActiveCfg = Release|Any CPU
		{8D3B700F-99A4-4A49-9EEF-248CB42B9B2F}.Release|Any CPU.Build.0 = Release|Any CPU
	EndGlobalSection
	GlobalSection(SolutionProperties) = preSolution
		HideSolutionNode = FALSE
	EndGlobalSection
	GlobalSection(ExtensibilityGlobals) = postSolution
		SolutionGuid = {324D4B54-C407-4D3C-9DFB-3CB5EDAB26E0}
	EndGlobalSection
EndGlobal
